
Microsoft Visual Studio Solution File, Format Version 12.00
# Visual Studio Version 17
VisualStudioVersion = 17.8.34309.116
MinimumVisualStudioVersion = 10.0.40219.1
Project("{FAE04EC0-301F-11D3-BF4B-00C04F79EFBC}") = "Hash", "Hash\Hash.csproj", "{0F9E9DF2-9171-4848-83BB-53FFB8A8C39C}"
EndProject
Global
	GlobalSection(SolutionConfigurationPlatforms) = preSolution
		Debug|Any CPU = Debug|Any CPU
		Release|Any CPU = Release|Any CPU
	EndGlobalSection
	GlobalSection(ProjectConfigurationPlatforms) = postSolution
		{0F9E9DF2-9171-4848-83BB-53FFB8A8C39C}.Debug|Any CPU.ActiveCfg = Debug|Any CPU
		{0F9E9DF2-9171-4848-83BB-53FFB8A8C39C}.Debug|Any CPU.Build.0 = Debug|Any CPU
		{0F9E9DF2-9171-4848-83BB-53FFB8A8C39C}.Release|Any CPU.ActiveCfg = Release|Any CPU
		{0F9E9DF2-9171-4848-83BB-53FFB8A8C39C}.Release|Any CPU.Build.0 = Release|Any CPU
	EndGlobalSection
	GlobalSection(SolutionProperties) = preSolution
		HideSolutionNode = FALSE
	EndGlobalSection
	GlobalSection(ExtensibilityGlobals) = postSolution
		SolutionGuid = {790A2473-23CC-4145-B9F4-31773261CEF8}
	EndGlobalSection
EndGlobal
